// !$*UTF8*$!
{
	archiveVersion = 1;
	classes = {
	};
	objectVersion = 55;
	objects = {

/* Begin PBXBuildFile section */
		AE1A060B27649EB90050E686 /* GoogleService-Info.plist in Resources */ = {isa = PBXBuildFile; fileRef = AE1A060A27649EB90050E686 /* GoogleService-Info.plist */; };
		AE1A06102764A00D0050E686 /* FirebaseAnalytics in Frameworks */ = {isa = PBXBuildFile; productRef = AE1A060F2764A00D0050E686 /* FirebaseAnalytics */; };
		AE1A06122764A00D0050E686 /* FirebaseAnalyticsSwift-Beta in Frameworks */ = {isa = PBXBuildFile; productRef = AE1A06112764A00D0050E686 /* FirebaseAnalyticsSwift-Beta */; };
		AE1A06142764A00D0050E686 /* FirebaseAnalyticsWithoutAdIdSupport in Frameworks */ = {isa = PBXBuildFile; productRef = AE1A06132764A00D0050E686 /* FirebaseAnalyticsWithoutAdIdSupport */; };
		AE1A06162764A00D0050E686 /* FirebaseAppCheck in Frameworks */ = {isa = PBXBuildFile; productRef = AE1A06152764A00D0050E686 /* FirebaseAppCheck */; };
		AE1A06182764A00D0050E686 /* FirebaseAppDistribution-Beta in Frameworks */ = {isa = PBXBuildFile; productRef = AE1A06172764A00D0050E686 /* FirebaseAppDistribution-Beta */; };
		AE1A061A2764A00D0050E686 /* FirebaseAuth in Frameworks */ = {isa = PBXBuildFile; productRef = AE1A06192764A00D0050E686 /* FirebaseAuth */; };
		AE1A061C2764A00D0050E686 /* FirebaseAuthCombine-Community in Frameworks */ = {isa = PBXBuildFile; productRef = AE1A061B2764A00D0050E686 /* FirebaseAuthCombine-Community */; };
		AE1A061E2764A00D0050E686 /* FirebaseCrashlytics in Frameworks */ = {isa = PBXBuildFile; productRef = AE1A061D2764A00D0050E686 /* FirebaseCrashlytics */; };
		AE1A06202764A00D0050E686 /* FirebaseDatabase in Frameworks */ = {isa = PBXBuildFile; productRef = AE1A061F2764A00D0050E686 /* FirebaseDatabase */; };
		AE1A06222764A00D0050E686 /* FirebaseDatabaseSwift-Beta in Frameworks */ = {isa = PBXBuildFile; productRef = AE1A06212764A00D0050E686 /* FirebaseDatabaseSwift-Beta */; };
		AE1A06242764A00D0050E686 /* FirebaseDynamicLinks in Frameworks */ = {isa = PBXBuildFile; productRef = AE1A06232764A00D0050E686 /* FirebaseDynamicLinks */; };
		AE1A06262764A00D0050E686 /* FirebaseFirestore in Frameworks */ = {isa = PBXBuildFile; productRef = AE1A06252764A00D0050E686 /* FirebaseFirestore */; };
		AE1A06282764A00D0050E686 /* FirebaseFirestoreCombine-Community in Frameworks */ = {isa = PBXBuildFile; productRef = AE1A06272764A00D0050E686 /* FirebaseFirestoreCombine-Community */; };
		AE1A062A2764A00D0050E686 /* FirebaseFirestoreSwift-Beta in Frameworks */ = {isa = PBXBuildFile; productRef = AE1A06292764A00D0050E686 /* FirebaseFirestoreSwift-Beta */; };
		AE1A062C2764A00D0050E686 /* FirebaseFunctions in Frameworks */ = {isa = PBXBuildFile; productRef = AE1A062B2764A00D0050E686 /* FirebaseFunctions */; };
		AE1A062E2764A00D0050E686 /* FirebaseFunctionsCombine-Community in Frameworks */ = {isa = PBXBuildFile; productRef = AE1A062D2764A00D0050E686 /* FirebaseFunctionsCombine-Community */; };
		AE1A06302764A00D0050E686 /* FirebaseInAppMessaging-Beta in Frameworks */ = {isa = PBXBuildFile; productRef = AE1A062F2764A00D0050E686 /* FirebaseInAppMessaging-Beta */; };
		AE1A06322764A00D0050E686 /* FirebaseInAppMessagingSwift-Beta in Frameworks */ = {isa = PBXBuildFile; productRef = AE1A06312764A00D0050E686 /* FirebaseInAppMessagingSwift-Beta */; };
		AE1A06342764A00D0050E686 /* FirebaseInstallations in Frameworks */ = {isa = PBXBuildFile; productRef = AE1A06332764A00D0050E686 /* FirebaseInstallations */; };
		AE1A06362764A00D0050E686 /* FirebaseMLModelDownloader in Frameworks */ = {isa = PBXBuildFile; productRef = AE1A06352764A00D0050E686 /* FirebaseMLModelDownloader */; };
		AE1A06382764A00D0050E686 /* FirebaseMessaging in Frameworks */ = {isa = PBXBuildFile; productRef = AE1A06372764A00D0050E686 /* FirebaseMessaging */; };
		AE1A063A2764A00D0050E686 /* FirebasePerformance in Frameworks */ = {isa = PBXBuildFile; productRef = AE1A06392764A00D0050E686 /* FirebasePerformance */; };
		AE1A063C2764A00D0050E686 /* FirebaseRemoteConfig in Frameworks */ = {isa = PBXBuildFile; productRef = AE1A063B2764A00D0050E686 /* FirebaseRemoteConfig */; };
		AE1A063E2764A00D0050E686 /* FirebaseStorage in Frameworks */ = {isa = PBXBuildFile; productRef = AE1A063D2764A00D0050E686 /* FirebaseStorage */; };
		AE1A06402764A00D0050E686 /* FirebaseStorageCombine-Community in Frameworks */ = {isa = PBXBuildFile; productRef = AE1A063F2764A00D0050E686 /* FirebaseStorageCombine-Community */; };
		AE1A06422764A00D0050E686 /* FirebaseStorageSwift-Beta in Frameworks */ = {isa = PBXBuildFile; productRef = AE1A06412764A00D0050E686 /* FirebaseStorageSwift-Beta */; };
		AE1A06462764A5030050E686 /* PhoneNumberVC.swift in Sources */ = {isa = PBXBuildFile; fileRef = AE1A06452764A5030050E686 /* PhoneNumberVC.swift */; };
		AE1A06492764A54C0050E686 /* AuthManager.swift in Sources */ = {isa = PBXBuildFile; fileRef = AE1A06482764A54C0050E686 /* AuthManager.swift */; };
		AE1A064B2764A5900050E686 /* SMSCodeVC.swift in Sources */ = {isa = PBXBuildFile; fileRef = AE1A064A2764A5900050E686 /* SMSCodeVC.swift */; };
		AE1A064D2764A5C50050E686 /* FirestoreManager.swift in Sources */ = {isa = PBXBuildFile; fileRef = AE1A064C2764A5C50050E686 /* FirestoreManager.swift */; };
		AEF2D0B42760F29300F0FA2A /* AppDelegate.swift in Sources */ = {isa = PBXBuildFile; fileRef = AEF2D0B32760F29300F0FA2A /* AppDelegate.swift */; };
		AEF2D0B62760F29300F0FA2A /* SceneDelegate.swift in Sources */ = {isa = PBXBuildFile; fileRef = AEF2D0B52760F29300F0FA2A /* SceneDelegate.swift */; };
		AEF2D0B82760F29300F0FA2A /* ViewController.swift in Sources */ = {isa = PBXBuildFile; fileRef = AEF2D0B72760F29300F0FA2A /* ViewController.swift */; };
		AEF2D0BB2760F29300F0FA2A /* Main.storyboard in Resources */ = {isa = PBXBuildFile; fileRef = AEF2D0B92760F29300F0FA2A /* Main.storyboard */; };
		AEF2D0BE2760F29300F0FA2A /* todo.xcdatamodeld in Sources */ = {isa = PBXBuildFile; fileRef = AEF2D0BC2760F29300F0FA2A /* todo.xcdatamodeld */; };
		AEF2D0C02760F29400F0FA2A /* Assets.xcassets in Resources */ = {isa = PBXBuildFile; fileRef = AEF2D0BF2760F29400F0FA2A /* Assets.xcassets */; };
		AEF2D0C32760F29400F0FA2A /* LaunchScreen.storyboard in Resources */ = {isa = PBXBuildFile; fileRef = AEF2D0C12760F29400F0FA2A /* LaunchScreen.storyboard */; };
		AEF2D0CE2760F29400F0FA2A /* todoTests.swift in Sources */ = {isa = PBXBuildFile; fileRef = AEF2D0CD2760F29400F0FA2A /* todoTests.swift */; };
		AEF2D0D82760F29400F0FA2A /* todoUITests.swift in Sources */ = {isa = PBXBuildFile; fileRef = AEF2D0D72760F29400F0FA2A /* todoUITests.swift */; };
		AEF2D0DA2760F29400F0FA2A /* todoUITestsLaunchTests.swift in Sources */ = {isa = PBXBuildFile; fileRef = AEF2D0D92760F29400F0FA2A /* todoUITestsLaunchTests.swift */; };
/* End PBXBuildFile section */

/* Begin PBXContainerItemProxy section */
		AEF2D0CA2760F29400F0FA2A /* PBXContainerItemProxy */ = {
			isa = PBXContainerItemProxy;
			containerPortal = AEF2D0A82760F29300F0FA2A /* Project object */;
			proxyType = 1;
			remoteGlobalIDString = AEF2D0AF2760F29300F0FA2A;
			remoteInfo = todo;
		};
		AEF2D0D42760F29400F0FA2A /* PBXContainerItemProxy */ = {
			isa = PBXContainerItemProxy;
			containerPortal = AEF2D0A82760F29300F0FA2A /* Project object */;
			proxyType = 1;
			remoteGlobalIDString = AEF2D0AF2760F29300F0FA2A;
			remoteInfo = todo;
		};
/* End PBXContainerItemProxy section */

/* Begin PBXFileReference section */
		AE1A060A27649EB90050E686 /* GoogleService-Info.plist */ = {isa = PBXFileReference; fileEncoding = 4; lastKnownFileType = text.plist.xml; path = "GoogleService-Info.plist"; sourceTree = "<group>"; };
		AE1A06432764A1530050E686 /* Info.plist */ = {isa = PBXFileReference; lastKnownFileType = text.plist.xml; path = Info.plist; sourceTree = "<group>"; };
		AE1A06452764A5030050E686 /* PhoneNumberVC.swift */ = {isa = PBXFileReference; lastKnownFileType = sourcecode.swift; path = PhoneNumberVC.swift; sourceTree = "<group>"; };
		AE1A06482764A54C0050E686 /* AuthManager.swift */ = {isa = PBXFileReference; lastKnownFileType = sourcecode.swift; path = AuthManager.swift; sourceTree = "<group>"; };
		AE1A064A2764A5900050E686 /* SMSCodeVC.swift */ = {isa = PBXFileReference; lastKnownFileType = sourcecode.swift; path = SMSCodeVC.swift; sourceTree = "<group>"; };
		AE1A064C2764A5C50050E686 /* FirestoreManager.swift */ = {isa = PBXFileReference; lastKnownFileType = sourcecode.swift; path = FirestoreManager.swift; sourceTree = "<group>"; };
		AEF2D0B02760F29300F0FA2A /* todo.app */ = {isa = PBXFileReference; explicitFileType = wrapper.application; includeInIndex = 0; path = todo.app; sourceTree = BUILT_PRODUCTS_DIR; };
		AEF2D0B32760F29300F0FA2A /* AppDelegate.swift */ = {isa = PBXFileReference; lastKnownFileType = sourcecode.swift; path = AppDelegate.swift; sourceTree = "<group>"; };
		AEF2D0B52760F29300F0FA2A /* SceneDelegate.swift */ = {isa = PBXFileReference; lastKnownFileType = sourcecode.swift; path = SceneDelegate.swift; sourceTree = "<group>"; };
		AEF2D0B72760F29300F0FA2A /* ViewController.swift */ = {isa = PBXFileReference; lastKnownFileType = sourcecode.swift; path = ViewController.swift; sourceTree = "<group>"; };
		AEF2D0BA2760F29300F0FA2A /* Base */ = {isa = PBXFileReference; lastKnownFileType = file.storyboard; name = Base; path = Base.lproj/Main.storyboard; sourceTree = "<group>"; };
		AEF2D0BD2760F29300F0FA2A /* todo.xcdatamodel */ = {isa = PBXFileReference; lastKnownFileType = wrapper.xcdatamodel; path = todo.xcdatamodel; sourceTree = "<group>"; };
		AEF2D0BF2760F29400F0FA2A /* Assets.xcassets */ = {isa = PBXFileReference; lastKnownFileType = folder.assetcatalog; path = Assets.xcassets; sourceTree = "<group>"; };
		AEF2D0C22760F29400F0FA2A /* Base */ = {isa = PBXFileReference; lastKnownFileType = file.storyboard; name = Base; path = Base.lproj/LaunchScreen.storyboard; sourceTree = "<group>"; };
		AEF2D0C92760F29400F0FA2A /* todoTests.xctest */ = {isa = PBXFileReference; explicitFileType = wrapper.cfbundle; includeInIndex = 0; path = todoTests.xctest; sourceTree = BUILT_PRODUCTS_DIR; };
		AEF2D0CD2760F29400F0FA2A /* todoTests.swift */ = {isa = PBXFileReference; lastKnownFileType = sourcecode.swift; path = todoTests.swift; sourceTree = "<group>"; };
		AEF2D0D32760F29400F0FA2A /* todoUITests.xctest */ = {isa = PBXFileReference; explicitFileType = wrapper.cfbundle; includeInIndex = 0; path = todoUITests.xctest; sourceTree = BUILT_PRODUCTS_DIR; };
		AEF2D0D72760F29400F0FA2A /* todoUITests.swift */ = {isa = PBXFileReference; lastKnownFileType = sourcecode.swift; path = todoUITests.swift; sourceTree = "<group>"; };
		AEF2D0D92760F29400F0FA2A /* todoUITestsLaunchTests.swift */ = {isa = PBXFileReference; lastKnownFileType = sourcecode.swift; path = todoUITestsLaunchTests.swift; sourceTree = "<group>"; };
/* End PBXFileReference section */

/* Begin PBXFrameworksBuildPhase section */
		AEF2D0AD2760F29300F0FA2A /* Frameworks */ = {
			isa = PBXFrameworksBuildPhase;
			buildActionMask = 2147483647;
			files = (
				AE1A063A2764A00D0050E686 /* FirebasePerformance in Frameworks */,
				AE1A06282764A00D0050E686 /* FirebaseFirestoreCombine-Community in Frameworks */,
				AE1A06222764A00D0050E686 /* FirebaseDatabaseSwift-Beta in Frameworks */,
				AE1A06242764A00D0050E686 /* FirebaseDynamicLinks in Frameworks */,
				AE1A06162764A00D0050E686 /* FirebaseAppCheck in Frameworks */,
				AE1A063E2764A00D0050E686 /* FirebaseStorage in Frameworks */,
				AE1A061A2764A00D0050E686 /* FirebaseAuth in Frameworks */,
				AE1A06422764A00D0050E686 /* FirebaseStorageSwift-Beta in Frameworks */,
				AE1A06302764A00D0050E686 /* FirebaseInAppMessaging-Beta in Frameworks */,
				AE1A06122764A00D0050E686 /* FirebaseAnalyticsSwift-Beta in Frameworks */,
				AE1A06362764A00D0050E686 /* FirebaseMLModelDownloader in Frameworks */,
				AE1A06262764A00D0050E686 /* FirebaseFirestore in Frameworks */,
				AE1A06382764A00D0050E686 /* FirebaseMessaging in Frameworks */,
				AE1A06342764A00D0050E686 /* FirebaseInstallations in Frameworks */,
				AE1A062E2764A00D0050E686 /* FirebaseFunctionsCombine-Community in Frameworks */,
				AE1A06182764A00D0050E686 /* FirebaseAppDistribution-Beta in Frameworks */,
				AE1A06142764A00D0050E686 /* FirebaseAnalyticsWithoutAdIdSupport in Frameworks */,
				AE1A062A2764A00D0050E686 /* FirebaseFirestoreSwift-Beta in Frameworks */,
				AE1A061E2764A00D0050E686 /* FirebaseCrashlytics in Frameworks */,
				AE1A06202764A00D0050E686 /* FirebaseDatabase in Frameworks */,
				AE1A063C2764A00D0050E686 /* FirebaseRemoteConfig in Frameworks */,
				AE1A062C2764A00D0050E686 /* FirebaseFunctions in Frameworks */,
				AE1A061C2764A00D0050E686 /* FirebaseAuthCombine-Community in Frameworks */,
				AE1A06402764A00D0050E686 /* FirebaseStorageCombine-Community in Frameworks */,
				AE1A06322764A00D0050E686 /* FirebaseInAppMessagingSwift-Beta in Frameworks */,
				AE1A06102764A00D0050E686 /* FirebaseAnalytics in Frameworks */,
			);
			runOnlyForDeploymentPostprocessing = 0;
		};
		AEF2D0C62760F29400F0FA2A /* Frameworks */ = {
			isa = PBXFrameworksBuildPhase;
			buildActionMask = 2147483647;
			files = (
			);
			runOnlyForDeploymentPostprocessing = 0;
		};
		AEF2D0D02760F29400F0FA2A /* Frameworks */ = {
			isa = PBXFrameworksBuildPhase;
			buildActionMask = 2147483647;
			files = (
			);
			runOnlyForDeploymentPostprocessing = 0;
		};
/* End PBXFrameworksBuildPhase section */

/* Begin PBXGroup section */
		AE1A06442764A4D20050E686 /* auth views */ = {
			isa = PBXGroup;
			children = (
				AE1A06452764A5030050E686 /* PhoneNumberVC.swift */,
				AE1A064A2764A5900050E686 /* SMSCodeVC.swift */,
			);
			path = "auth views";
			sourceTree = "<group>";
		};
		AE1A06472764A5340050E686 /* managers */ = {
			isa = PBXGroup;
			children = (
				AE1A06482764A54C0050E686 /* AuthManager.swift */,
				AE1A064C2764A5C50050E686 /* FirestoreManager.swift */,
			);
			path = managers;
			sourceTree = "<group>";
		};
		AEF2D0A72760F29300F0FA2A = {
			isa = PBXGroup;
			children = (
				AEF2D0B22760F29300F0FA2A /* todo */,
				AEF2D0CC2760F29400F0FA2A /* todoTests */,
				AEF2D0D62760F29400F0FA2A /* todoUITests */,
				AEF2D0B12760F29300F0FA2A /* Products */,
			);
			sourceTree = "<group>";
		};
		AEF2D0B12760F29300F0FA2A /* Products */ = {
			isa = PBXGroup;
			children = (
				AEF2D0B02760F29300F0FA2A /* todo.app */,
				AEF2D0C92760F29400F0FA2A /* todoTests.xctest */,
				AEF2D0D32760F29400F0FA2A /* todoUITests.xctest */,
			);
			name = Products;
			sourceTree = "<group>";
		};
		AEF2D0B22760F29300F0FA2A /* todo */ = {
			isa = PBXGroup;
			children = (
				AE1A06472764A5340050E686 /* managers */,
				AE1A06442764A4D20050E686 /* auth views */,
				AEF2D0B32760F29300F0FA2A /* AppDelegate.swift */,
				AEF2D0B52760F29300F0FA2A /* SceneDelegate.swift */,
				AEF2D0B72760F29300F0FA2A /* ViewController.swift */,
				AEF2D0B92760F29300F0FA2A /* Main.storyboard */,
				AEF2D0BF2760F29400F0FA2A /* Assets.xcassets */,
				AEF2D0C12760F29400F0FA2A /* LaunchScreen.storyboard */,
				AE1A060A27649EB90050E686 /* GoogleService-Info.plist */,
				AE1A06432764A1530050E686 /* Info.plist */,
				AEF2D0BC2760F29300F0FA2A /* todo.xcdatamodeld */,
			);
			path = todo;
			sourceTree = "<group>";
		};
		AEF2D0CC2760F29400F0FA2A /* todoTests */ = {
			isa = PBXGroup;
			children = (
				AEF2D0CD2760F29400F0FA2A /* todoTests.swift */,
			);
			path = todoTests;
			sourceTree = "<group>";
		};
		AEF2D0D62760F29400F0FA2A /* todoUITests */ = {
			isa = PBXGroup;
			children = (
				AEF2D0D72760F29400F0FA2A /* todoUITests.swift */,
				AEF2D0D92760F29400F0FA2A /* todoUITestsLaunchTests.swift */,
			);
			path = todoUITests;
			sourceTree = "<group>";
		};
/* End PBXGroup section */

/* Begin PBXNativeTarget section */
		AEF2D0AF2760F29300F0FA2A /* todo */ = {
			isa = PBXNativeTarget;
			buildConfigurationList = AEF2D0DD2760F29400F0FA2A /* Build configuration list for PBXNativeTarget "todo" */;
			buildPhases = (
				AEF2D0AC2760F29300F0FA2A /* Sources */,
				AEF2D0AD2760F29300F0FA2A /* Frameworks */,
				AEF2D0AE2760F29300F0FA2A /* Resources */,
			);
			buildRules = (
			);
			dependencies = (
			);
			name = todo;
			packageProductDependencies = (
				AE1A060F2764A00D0050E686 /* FirebaseAnalytics */,
				AE1A06112764A00D0050E686 /* FirebaseAnalyticsSwift-Beta */,
				AE1A06132764A00D0050E686 /* FirebaseAnalyticsWithoutAdIdSupport */,
				AE1A06152764A00D0050E686 /* FirebaseAppCheck */,
				AE1A06172764A00D0050E686 /* FirebaseAppDistribution-Beta */,
				AE1A06192764A00D0050E686 /* FirebaseAuth */,
				AE1A061B2764A00D0050E686 /* FirebaseAuthCombine-Community */,
				AE1A061D2764A00D0050E686 /* FirebaseCrashlytics */,
				AE1A061F2764A00D0050E686 /* FirebaseDatabase */,
				AE1A06212764A00D0050E686 /* FirebaseDatabaseSwift-Beta */,
				AE1A06232764A00D0050E686 /* FirebaseDynamicLinks */,
				AE1A06252764A00D0050E686 /* FirebaseFirestore */,
				AE1A06272764A00D0050E686 /* FirebaseFirestoreCombine-Community */,
				AE1A06292764A00D0050E686 /* FirebaseFirestoreSwift-Beta */,
				AE1A062B2764A00D0050E686 /* FirebaseFunctions */,
				AE1A062D2764A00D0050E686 /* FirebaseFunctionsCombine-Community */,
				AE1A062F2764A00D0050E686 /* FirebaseInAppMessaging-Beta */,
				AE1A06312764A00D0050E686 /* FirebaseInAppMessagingSwift-Beta */,
				AE1A06332764A00D0050E686 /* FirebaseInstallations */,
				AE1A06352764A00D0050E686 /* FirebaseMLModelDownloader */,
				AE1A06372764A00D0050E686 /* FirebaseMessaging */,
				AE1A06392764A00D0050E686 /* FirebasePerformance */,
				AE1A063B2764A00D0050E686 /* FirebaseRemoteConfig */,
				AE1A063D2764A00D0050E686 /* FirebaseStorage */,
				AE1A063F2764A00D0050E686 /* FirebaseStorageCombine-Community */,
				AE1A06412764A00D0050E686 /* FirebaseStorageSwift-Beta */,
			);
			productName = todo;
			productReference = AEF2D0B02760F29300F0FA2A /* todo.app */;
			productType = "com.apple.product-type.application";
		};
		AEF2D0C82760F29400F0FA2A /* todoTests */ = {
			isa = PBXNativeTarget;
			buildConfigurationList = AEF2D0E02760F29400F0FA2A /* Build configuration list for PBXNativeTarget "todoTests" */;
			buildPhases = (
				AEF2D0C52760F29400F0FA2A /* Sources */,
				AEF2D0C62760F29400F0FA2A /* Frameworks */,
				AEF2D0C72760F29400F0FA2A /* Resources */,
			);
			buildRules = (
			);
			dependencies = (
				AEF2D0CB2760F29400F0FA2A /* PBXTargetDependency */,
			);
			name = todoTests;
			productName = todoTests;
			productReference = AEF2D0C92760F29400F0FA2A /* todoTests.xctest */;
			productType = "com.apple.product-type.bundle.unit-test";
		};
		AEF2D0D22760F29400F0FA2A /* todoUITests */ = {
			isa = PBXNativeTarget;
			buildConfigurationList = AEF2D0E32760F29400F0FA2A /* Build configuration list for PBXNativeTarget "todoUITests" */;
			buildPhases = (
				AEF2D0CF2760F29400F0FA2A /* Sources */,
				AEF2D0D02760F29400F0FA2A /* Frameworks */,
				AEF2D0D12760F29400F0FA2A /* Resources */,
			);
			buildRules = (
			);
			dependencies = (
				AEF2D0D52760F29400F0FA2A /* PBXTargetDependency */,
			);
			name = todoUITests;
			productName = todoUITests;
			productReference = AEF2D0D32760F29400F0FA2A /* todoUITests.xctest */;
			productType = "com.apple.product-type.bundle.ui-testing";
		};
/* End PBXNativeTarget section */

/* Begin PBXProject section */
		AEF2D0A82760F29300F0FA2A /* Project object */ = {
			isa = PBXProject;
			attributes = {
				BuildIndependentTargetsInParallel = 1;
				LastSwiftUpdateCheck = 1310;
				LastUpgradeCheck = 1310;
				TargetAttributes = {
					AEF2D0AF2760F29300F0FA2A = {
						CreatedOnToolsVersion = 13.1;
					};
					AEF2D0C82760F29400F0FA2A = {
						CreatedOnToolsVersion = 13.1;
						TestTargetID = AEF2D0AF2760F29300F0FA2A;
					};
					AEF2D0D22760F29400F0FA2A = {
						CreatedOnToolsVersion = 13.1;
						TestTargetID = AEF2D0AF2760F29300F0FA2A;
					};
				};
			};
			buildConfigurationList = AEF2D0AB2760F29300F0FA2A /* Build configuration list for PBXProject "todo" */;
			compatibilityVersion = "Xcode 13.0";
			developmentRegion = en;
			hasScannedForEncodings = 0;
			knownRegions = (
				en,
				Base,
			);
			mainGroup = AEF2D0A72760F29300F0FA2A;
			packageReferences = (
				AE1A060E2764A00D0050E686 /* XCRemoteSwiftPackageReference "firebase-ios-sdk" */,
			);
			productRefGroup = AEF2D0B12760F29300F0FA2A /* Products */;
			projectDirPath = "";
			projectRoot = "";
			targets = (
				AEF2D0AF2760F29300F0FA2A /* todo */,
				AEF2D0C82760F29400F0FA2A /* todoTests */,
				AEF2D0D22760F29400F0FA2A /* todoUITests */,
			);
		};
/* End PBXProject section */

/* Begin PBXResourcesBuildPhase section */
		AEF2D0AE2760F29300F0FA2A /* Resources */ = {
			isa = PBXResourcesBuildPhase;
			buildActionMask = 2147483647;
			files = (
				AEF2D0C32760F29400F0FA2A /* LaunchScreen.storyboard in Resources */,
				AEF2D0C02760F29400F0FA2A /* Assets.xcassets in Resources */,
				AE1A060B27649EB90050E686 /* GoogleService-Info.plist in Resources */,
				AEF2D0BB2760F29300F0FA2A /* Main.storyboard in Resources */,
			);
			runOnlyForDeploymentPostprocessing = 0;
		};
		AEF2D0C72760F29400F0FA2A /* Resources */ = {
			isa = PBXResourcesBuildPhase;
			buildActionMask = 2147483647;
			files = (
			);
			runOnlyForDeploymentPostprocessing = 0;
		};
		AEF2D0D12760F29400F0FA2A /* Resources */ = {
			isa = PBXResourcesBuildPhase;
			buildActionMask = 2147483647;
			files = (
			);
			runOnlyForDeploymentPostprocessing = 0;
		};
/* End PBXResourcesBuildPhase section */

/* Begin PBXSourcesBuildPhase section */
		AEF2D0AC2760F29300F0FA2A /* Sources */ = {
			isa = PBXSourcesBuildPhase;
			buildActionMask = 2147483647;
			files = (
				AEF2D0B82760F29300F0FA2A /* ViewController.swift in Sources */,
				AE1A064B2764A5900050E686 /* SMSCodeVC.swift in Sources */,
				AE1A06492764A54C0050E686 /* AuthManager.swift in Sources */,
				AEF2D0B42760F29300F0FA2A /* AppDelegate.swift in Sources */,
				AEF2D0B62760F29300F0FA2A /* SceneDelegate.swift in Sources */,
				AE1A06462764A5030050E686 /* PhoneNumberVC.swift in Sources */,
				AEF2D0BE2760F29300F0FA2A /* todo.xcdatamodeld in Sources */,
				AE1A064D2764A5C50050E686 /* FirestoreManager.swift in Sources */,
			);
			runOnlyForDeploymentPostprocessing = 0;
		};
		AEF2D0C52760F29400F0FA2A /* Sources */ = {
			isa = PBXSourcesBuildPhase;
			buildActionMask = 2147483647;
			files = (
				AEF2D0CE2760F29400F0FA2A /* todoTests.swift in Sources */,
			);
			runOnlyForDeploymentPostprocessing = 0;
		};
		AEF2D0CF2760F29400F0FA2A /* Sources */ = {
			isa = PBXSourcesBuildPhase;
			buildActionMask = 2147483647;
			files = (
				AEF2D0DA2760F29400F0FA2A /* todoUITestsLaunchTests.swift in Sources */,
				AEF2D0D82760F29400F0FA2A /* todoUITests.swift in Sources */,
			);
			runOnlyForDeploymentPostprocessing = 0;
		};
/* End PBXSourcesBuildPhase section */

/* Begin PBXTargetDependency section */
		AEF2D0CB2760F29400F0FA2A /* PBXTargetDependency */ = {
			isa = PBXTargetDependency;
			target = AEF2D0AF2760F29300F0FA2A /* todo */;
			targetProxy = AEF2D0CA2760F29400F0FA2A /* PBXContainerItemProxy */;
		};
		AEF2D0D52760F29400F0FA2A /* PBXTargetDependency */ = {
			isa = PBXTargetDependency;
			target = AEF2D0AF2760F29300F0FA2A /* todo */;
			targetProxy = AEF2D0D42760F29400F0FA2A /* PBXContainerItemProxy */;
		};
/* End PBXTargetDependency section */

/* Begin PBXVariantGroup section */
		AEF2D0B92760F29300F0FA2A /* Main.storyboard */ = {
			isa = PBXVariantGroup;
			children = (
				AEF2D0BA2760F29300F0FA2A /* Base */,
			);
			name = Main.storyboard;
			sourceTree = "<group>";
		};
		AEF2D0C12760F29400F0FA2A /* LaunchScreen.storyboard */ = {
			isa = PBXVariantGroup;
			children = (
				AEF2D0C22760F29400F0FA2A /* Base */,
			);
			name = LaunchScreen.storyboard;
			sourceTree = "<group>";
		};
/* End PBXVariantGroup section */

/* Begin XCBuildConfiguration section */
		AEF2D0DB2760F29400F0FA2A /* Debug */ = {
			isa = XCBuildConfiguration;
			buildSettings = {
				ALWAYS_SEARCH_USER_PATHS = NO;
				CLANG_ANALYZER_NONNULL = YES;
				CLANG_ANALYZER_NUMBER_OBJECT_CONVERSION = YES_AGGRESSIVE;
				CLANG_CXX_LANGUAGE_STANDARD = "gnu++17";
				CLANG_CXX_LIBRARY = "libc++";
				CLANG_ENABLE_MODULES = YES;
				CLANG_ENABLE_OBJC_ARC = YES;
				CLANG_ENABLE_OBJC_WEAK = YES;
				CLANG_WARN_BLOCK_CAPTURE_AUTORELEASING = YES;
				CLANG_WARN_BOOL_CONVERSION = YES;
				CLANG_WARN_COMMA = YES;
				CLANG_WARN_CONSTANT_CONVERSION = YES;
				CLANG_WARN_DEPRECATED_OBJC_IMPLEMENTATIONS = YES;
				CLANG_WARN_DIRECT_OBJC_ISA_USAGE = YES_ERROR;
				CLANG_WARN_DOCUMENTATION_COMMENTS = YES;
				CLANG_WARN_EMPTY_BODY = YES;
				CLANG_WARN_ENUM_CONVERSION = YES;
				CLANG_WARN_INFINITE_RECURSION = YES;
				CLANG_WARN_INT_CONVERSION = YES;
				CLANG_WARN_NON_LITERAL_NULL_CONVERSION = YES;
				CLANG_WARN_OBJC_IMPLICIT_RETAIN_SELF = YES;
				CLANG_WARN_OBJC_LITERAL_CONVERSION = YES;
				CLANG_WARN_OBJC_ROOT_CLASS = YES_ERROR;
				CLANG_WARN_QUOTED_INCLUDE_IN_FRAMEWORK_HEADER = YES;
				CLANG_WARN_RANGE_LOOP_ANALYSIS = YES;
				CLANG_WARN_STRICT_PROTOTYPES = YES;
				CLANG_WARN_SUSPICIOUS_MOVE = YES;
				CLANG_WARN_UNGUARDED_AVAILABILITY = YES_AGGRESSIVE;
				CLANG_WARN_UNREACHABLE_CODE = YES;
				CLANG_WARN__DUPLICATE_METHOD_MATCH = YES;
				COPY_PHASE_STRIP = NO;
				DEBUG_INFORMATION_FORMAT = dwarf;
				ENABLE_STRICT_OBJC_MSGSEND = YES;
				ENABLE_TESTABILITY = YES;
				GCC_C_LANGUAGE_STANDARD = gnu11;
				GCC_DYNAMIC_NO_PIC = NO;
				GCC_NO_COMMON_BLOCKS = YES;
				GCC_OPTIMIZATION_LEVEL = 0;
				GCC_PREPROCESSOR_DEFINITIONS = (
					"DEBUG=1",
					"$(inherited)",
				);
				GCC_WARN_64_TO_32_BIT_CONVERSION = YES;
				GCC_WARN_ABOUT_RETURN_TYPE = YES_ERROR;
				GCC_WARN_UNDECLARED_SELECTOR = YES;
				GCC_WARN_UNINITIALIZED_AUTOS = YES_AGGRESSIVE;
				GCC_WARN_UNUSED_FUNCTION = YES;
				GCC_WARN_UNUSED_VARIABLE = YES;
				IPHONEOS_DEPLOYMENT_TARGET = 15.0;
				MTL_ENABLE_DEBUG_INFO = INCLUDE_SOURCE;
				MTL_FAST_MATH = YES;
				ONLY_ACTIVE_ARCH = YES;
				SDKROOT = iphoneos;
				SWIFT_ACTIVE_COMPILATION_CONDITIONS = DEBUG;
				SWIFT_OPTIMIZATION_LEVEL = "-Onone";
			};
			name = Debug;
		};
		AEF2D0DC2760F29400F0FA2A /* Release */ = {
			isa = XCBuildConfiguration;
			buildSettings = {
				ALWAYS_SEARCH_USER_PATHS = NO;
				CLANG_ANALYZER_NONNULL = YES;
				CLANG_ANALYZER_NUMBER_OBJECT_CONVERSION = YES_AGGRESSIVE;
				CLANG_CXX_LANGUAGE_STANDARD = "gnu++17";
				CLANG_CXX_LIBRARY = "libc++";
				CLANG_ENABLE_MODULES = YES;
				CLANG_ENABLE_OBJC_ARC = YES;
				CLANG_ENABLE_OBJC_WEAK = YES;
				CLANG_WARN_BLOCK_CAPTURE_AUTORELEASING = YES;
				CLANG_WARN_BOOL_CONVERSION = YES;
				CLANG_WARN_COMMA = YES;
				CLANG_WARN_CONSTANT_CONVERSION = YES;
				CLANG_WARN_DEPRECATED_OBJC_IMPLEMENTATIONS = YES;
				CLANG_WARN_DIRECT_OBJC_ISA_USAGE = YES_ERROR;
				CLANG_WARN_DOCUMENTATION_COMMENTS = YES;
				CLANG_WARN_EMPTY_BODY = YES;
				CLANG_WARN_ENUM_CONVERSION = YES;
				CLANG_WARN_INFINITE_RECURSION = YES;
				CLANG_WARN_INT_CONVERSION = YES;
				CLANG_WARN_NON_LITERAL_NULL_CONVERSION = YES;
				CLANG_WARN_OBJC_IMPLICIT_RETAIN_SELF = YES;
				CLANG_WARN_OBJC_LITERAL_CONVERSION = YES;
				CLANG_WARN_OBJC_ROOT_CLASS = YES_ERROR;
				CLANG_WARN_QUOTED_INCLUDE_IN_FRAMEWORK_HEADER = YES;
				CLANG_WARN_RANGE_LOOP_ANALYSIS = YES;
				CLANG_WARN_STRICT_PROTOTYPES = YES;
				CLANG_WARN_SUSPICIOUS_MOVE = YES;
				CLANG_WARN_UNGUARDED_AVAILABILITY = YES_AGGRESSIVE;
				CLANG_WARN_UNREACHABLE_CODE = YES;
				CLANG_WARN__DUPLICATE_METHOD_MATCH = YES;
				COPY_PHASE_STRIP = NO;
				DEBUG_INFORMATION_FORMAT = "dwarf-with-dsym";
				ENABLE_NS_ASSERTIONS = NO;
				ENABLE_STRICT_OBJC_MSGSEND = YES;
				GCC_C_LANGUAGE_STANDARD = gnu11;
				GCC_NO_COMMON_BLOCKS = YES;
				GCC_WARN_64_TO_32_BIT_CONVERSION = YES;
				GCC_WARN_ABOUT_RETURN_TYPE = YES_ERROR;
				GCC_WARN_UNDECLARED_SELECTOR = YES;
				GCC_WARN_UNINITIALIZED_AUTOS = YES_AGGRESSIVE;
				GCC_WARN_UNUSED_FUNCTION = YES;
				GCC_WARN_UNUSED_VARIABLE = YES;
				IPHONEOS_DEPLOYMENT_TARGET = 15.0;
				MTL_ENABLE_DEBUG_INFO = NO;
				MTL_FAST_MATH = YES;
				SDKROOT = iphoneos;
				SWIFT_COMPILATION_MODE = wholemodule;
				SWIFT_OPTIMIZATION_LEVEL = "-O";
				VALIDATE_PRODUCT = YES;
			};
			name = Release;
		};
		AEF2D0DE2760F29400F0FA2A /* Debug */ = {
			isa = XCBuildConfiguration;
			buildSettings = {
				ASSETCATALOG_COMPILER_APPICON_NAME = AppIcon;
				ASSETCATALOG_COMPILER_GLOBAL_ACCENT_COLOR_NAME = AccentColor;
				CODE_SIGN_STYLE = Automatic;
				CURRENT_PROJECT_VERSION = 1;
				GENERATE_INFOPLIST_FILE = YES;
				INFOPLIST_FILE = todo/Info.plist;
				INFOPLIST_KEY_UIApplicationSupportsIndirectInputEvents = YES;
				INFOPLIST_KEY_UILaunchStoryboardName = LaunchScreen;
				INFOPLIST_KEY_UIMainStoryboardFile = Main;
				INFOPLIST_KEY_UISupportedInterfaceOrientations_iPad = "UIInterfaceOrientationPortrait UIInterfaceOrientationPortraitUpsideDown UIInterfaceOrientationLandscapeLeft UIInterfaceOrientationLandscapeRight";
				INFOPLIST_KEY_UISupportedInterfaceOrientations_iPhone = "UIInterfaceOrientationPortrait UIInterfaceOrientationLandscapeLeft UIInterfaceOrientationLandscapeRight";
				LD_RUNPATH_SEARCH_PATHS = (
					"$(inherited)",
					"@executable_path/Frameworks",
				);
				MARKETING_VERSION = 1.0;
				PRODUCT_BUNDLE_IDENTIFIER = hse.todo;
				PRODUCT_NAME = "$(TARGET_NAME)";
				SWIFT_EMIT_LOC_STRINGS = YES;
				SWIFT_VERSION = 5.0;
				TARGETED_DEVICE_FAMILY = "1,2";
			};
			name = Debug;
		};
		AEF2D0DF2760F29400F0FA2A /* Release */ = {
			isa = XCBuildConfiguration;
			buildSettings = {
				ASSETCATALOG_COMPILER_APPICON_NAME = AppIcon;
				ASSETCATALOG_COMPILER_GLOBAL_ACCENT_COLOR_NAME = AccentColor;
				CODE_SIGN_STYLE = Automatic;
				CURRENT_PROJECT_VERSION = 1;
				GENERATE_INFOPLIST_FILE = YES;
				INFOPLIST_FILE = todo/Info.plist;
				INFOPLIST_KEY_UIApplicationSupportsIndirectInputEvents = YES;
				INFOPLIST_KEY_UILaunchStoryboardName = LaunchScreen;
				INFOPLIST_KEY_UIMainStoryboardFile = Main;
				INFOPLIST_KEY_UISupportedInterfaceOrientations_iPad = "UIInterfaceOrientationPortrait UIInterfaceOrientationPortraitUpsideDown UIInterfaceOrientationLandscapeLeft UIInterfaceOrientationLandscapeRight";
				INFOPLIST_KEY_UISupportedInterfaceOrientations_iPhone = "UIInterfaceOrientationPortrait UIInterfaceOrientationLandscapeLeft UIInterfaceOrientationLandscapeRight";
				LD_RUNPATH_SEARCH_PATHS = (
					"$(inherited)",
					"@executable_path/Frameworks",
				);
				MARKETING_VERSION = 1.0;
				PRODUCT_BUNDLE_IDENTIFIER = hse.todo;
				PRODUCT_NAME = "$(TARGET_NAME)";
				SWIFT_EMIT_LOC_STRINGS = YES;
				SWIFT_VERSION = 5.0;
				TARGETED_DEVICE_FAMILY = "1,2";
			};
			name = Release;
		};
		AEF2D0E12760F29400F0FA2A /* Debug */ = {
			isa = XCBuildConfiguration;
			buildSettings = {
				ALWAYS_EMBED_SWIFT_STANDARD_LIBRARIES = YES;
				BUNDLE_LOADER = "$(TEST_HOST)";
				CODE_SIGN_STYLE = Automatic;
				CURRENT_PROJECT_VERSION = 1;
				GENERATE_INFOPLIST_FILE = YES;
				IPHONEOS_DEPLOYMENT_TARGET = 15.0;
				LD_RUNPATH_SEARCH_PATHS = (
					"$(inherited)",
					"@executable_path/Frameworks",
					"@loader_path/Frameworks",
				);
				MARKETING_VERSION = 1.0;
				PRODUCT_BUNDLE_IDENTIFIER = hse.todoTests;
				PRODUCT_NAME = "$(TARGET_NAME)";
				SWIFT_EMIT_LOC_STRINGS = NO;
				SWIFT_VERSION = 5.0;
				TARGETED_DEVICE_FAMILY = "1,2";
				TEST_HOST = "$(BUILT_PRODUCTS_DIR)/todo.app/todo";
			};
			name = Debug;
		};
		AEF2D0E22760F29400F0FA2A /* Release */ = {
			isa = XCBuildConfiguration;
			buildSettings = {
				ALWAYS_EMBED_SWIFT_STANDARD_LIBRARIES = YES;
				BUNDLE_LOADER = "$(TEST_HOST)";
				CODE_SIGN_STYLE = Automatic;
				CURRENT_PROJECT_VERSION = 1;
				GENERATE_INFOPLIST_FILE = YES;
				IPHONEOS_DEPLOYMENT_TARGET = 15.0;
				LD_RUNPATH_SEARCH_PATHS = (
					"$(inherited)",
					"@executable_path/Frameworks",
					"@loader_path/Frameworks",
				);
				MARKETING_VERSION = 1.0;
				PRODUCT_BUNDLE_IDENTIFIER = hse.todoTests;
				PRODUCT_NAME = "$(TARGET_NAME)";
				SWIFT_EMIT_LOC_STRINGS = NO;
				SWIFT_VERSION = 5.0;
				TARGETED_DEVICE_FAMILY = "1,2";
				TEST_HOST = "$(BUILT_PRODUCTS_DIR)/todo.app/todo";
			};
			name = Release;
		};
		AEF2D0E42760F29400F0FA2A /* Debug */ = {
			isa = XCBuildConfiguration;
			buildSettings = {
				ALWAYS_EMBED_SWIFT_STANDARD_LIBRARIES = YES;
				CODE_SIGN_STYLE = Automatic;
				CURRENT_PROJECT_VERSION = 1;
				GENERATE_INFOPLIST_FILE = YES;
				LD_RUNPATH_SEARCH_PATHS = (
					"$(inherited)",
					"@executable_path/Frameworks",
					"@loader_path/Frameworks",
				);
				MARKETING_VERSION = 1.0;
				PRODUCT_BUNDLE_IDENTIFIER = hse.todoUITests;
				PRODUCT_NAME = "$(TARGET_NAME)";
				SWIFT_EMIT_LOC_STRINGS = NO;
				SWIFT_VERSION = 5.0;
				TARGETED_DEVICE_FAMILY = "1,2";
				TEST_TARGET_NAME = todo;
			};
			name = Debug;
		};
		AEF2D0E52760F29400F0FA2A /* Release */ = {
			isa = XCBuildConfiguration;
			buildSettings = {
				ALWAYS_EMBED_SWIFT_STANDARD_LIBRARIES = YES;
				CODE_SIGN_STYLE = Automatic;
				CURRENT_PROJECT_VERSION = 1;
				GENERATE_INFOPLIST_FILE = YES;
				LD_RUNPATH_SEARCH_PATHS = (
					"$(inherited)",
					"@executable_path/Frameworks",
					"@loader_path/Frameworks",
				);
				MARKETING_VERSION = 1.0;
				PRODUCT_BUNDLE_IDENTIFIER = hse.todoUITests;
				PRODUCT_NAME = "$(TARGET_NAME)";
				SWIFT_EMIT_LOC_STRINGS = NO;
				SWIFT_VERSION = 5.0;
				TARGETED_DEVICE_FAMILY = "1,2";
				TEST_TARGET_NAME = todo;
			};
			name = Release;
		};
/* End XCBuildConfiguration section */

/* Begin XCConfigurationList section */
		AEF2D0AB2760F29300F0FA2A /* Build configuration list for PBXProject "todo" */ = {
			isa = XCConfigurationList;
			buildConfigurations = (
				AEF2D0DB2760F29400F0FA2A /* Debug */,
				AEF2D0DC2760F29400F0FA2A /* Release */,
			);
			defaultConfigurationIsVisible = 0;
			defaultConfigurationName = Release;
		};
		AEF2D0DD2760F29400F0FA2A /* Build configuration list for PBXNativeTarget "todo" */ = {
			isa = XCConfigurationList;
			buildConfigurations = (
				AEF2D0DE2760F29400F0FA2A /* Debug */,
				AEF2D0DF2760F29400F0FA2A /* Release */,
			);
			defaultConfigurationIsVisible = 0;
			defaultConfigurationName = Release;
		};
		AEF2D0E02760F29400F0FA2A /* Build configuration list for PBXNativeTarget "todoTests" */ = {
			isa = XCConfigurationList;
			buildConfigurations = (
				AEF2D0E12760F29400F0FA2A /* Debug */,
				AEF2D0E22760F29400F0FA2A /* Release */,
			);
			defaultConfigurationIsVisible = 0;
			defaultConfigurationName = Release;
		};
		AEF2D0E32760F29400F0FA2A /* Build configuration list for PBXNativeTarget "todoUITests" */ = {
			isa = XCConfigurationList;
			buildConfigurations = (
				AEF2D0E42760F29400F0FA2A /* Debug */,
				AEF2D0E52760F29400F0FA2A /* Release */,
			);
			defaultConfigurationIsVisible = 0;
			defaultConfigurationName = Release;
		};
/* End XCConfigurationList section */

/* Begin XCRemoteSwiftPackageReference section */
		AE1A060E2764A00D0050E686 /* XCRemoteSwiftPackageReference "firebase-ios-sdk" */ = {
			isa = XCRemoteSwiftPackageReference;
			repositoryURL = "https://github.com/firebase/firebase-ios-sdk";
			requirement = {
				kind = upToNextMajorVersion;
				minimumVersion = 8.0.0;
			};
		};
/* End XCRemoteSwiftPackageReference section */

/* Begin XCSwiftPackageProductDependency section */
		AE1A060F2764A00D0050E686 /* FirebaseAnalytics */ = {
			isa = XCSwiftPackageProductDependency;
			package = AE1A060E2764A00D0050E686 /* XCRemoteSwiftPackageReference "firebase-ios-sdk" */;
			productName = FirebaseAnalytics;
		};
		AE1A06112764A00D0050E686 /* FirebaseAnalyticsSwift-Beta */ = {
			isa = XCSwiftPackageProductDependency;
			package = AE1A060E2764A00D0050E686 /* XCRemoteSwiftPackageReference "firebase-ios-sdk" */;
			productName = "FirebaseAnalyticsSwift-Beta";
		};
		AE1A06132764A00D0050E686 /* FirebaseAnalyticsWithoutAdIdSupport */ = {
			isa = XCSwiftPackageProductDependency;
			package = AE1A060E2764A00D0050E686 /* XCRemoteSwiftPackageReference "firebase-ios-sdk" */;
			productName = FirebaseAnalyticsWithoutAdIdSupport;
		};
		AE1A06152764A00D0050E686 /* FirebaseAppCheck */ = {
			isa = XCSwiftPackageProductDependency;
			package = AE1A060E2764A00D0050E686 /* XCRemoteSwiftPackageReference "firebase-ios-sdk" */;
			productName = FirebaseAppCheck;
		};
		AE1A06172764A00D0050E686 /* FirebaseAppDistribution-Beta */ = {
			isa = XCSwiftPackageProductDependency;
			package = AE1A060E2764A00D0050E686 /* XCRemoteSwiftPackageReference "firebase-ios-sdk" */;
			productName = "FirebaseAppDistribution-Beta";
		};
		AE1A06192764A00D0050E686 /* FirebaseAuth */ = {
			isa = XCSwiftPackageProductDependency;
			package = AE1A060E2764A00D0050E686 /* XCRemoteSwiftPackageReference "firebase-ios-sdk" */;
			productName = FirebaseAuth;
		};
		AE1A061B2764A00D0050E686 /* FirebaseAuthCombine-Community */ = {
			isa = XCSwiftPackageProductDependency;
			package = AE1A060E2764A00D0050E686 /* XCRemoteSwiftPackageReference "firebase-ios-sdk" */;
			productName = "FirebaseAuthCombine-Community";
		};
		AE1A061D2764A00D0050E686 /* FirebaseCrashlytics */ = {
			isa = XCSwiftPackageProductDependency;
			package = AE1A060E2764A00D0050E686 /* XCRemoteSwiftPackageReference "firebase-ios-sdk" */;
			productName = FirebaseCrashlytics;
		};
		AE1A061F2764A00D0050E686 /* FirebaseDatabase */ = {
			isa = XCSwiftPackageProductDependency;
			package = AE1A060E2764A00D0050E686 /* XCRemoteSwiftPackageReference "firebase-ios-sdk" */;
			productName = FirebaseDatabase;
		};
		AE1A06212764A00D0050E686 /* FirebaseDatabaseSwift-Beta */ = {
			isa = XCSwiftPackageProductDependency;
			package = AE1A060E2764A00D0050E686 /* XCRemoteSwiftPackageReference "firebase-ios-sdk" */;
			productName = "FirebaseDatabaseSwift-Beta";
		};
		AE1A06232764A00D0050E686 /* FirebaseDynamicLinks */ = {
			isa = XCSwiftPackageProductDependency;
			package = AE1A060E2764A00D0050E686 /* XCRemoteSwiftPackageReference "firebase-ios-sdk" */;
			productName = FirebaseDynamicLinks;
		};
		AE1A06252764A00D0050E686 /* FirebaseFirestore */ = {
			isa = XCSwiftPackageProductDependency;
			package = AE1A060E2764A00D0050E686 /* XCRemoteSwiftPackageReference "firebase-ios-sdk" */;
			productName = FirebaseFirestore;
		};
		AE1A06272764A00D0050E686 /* FirebaseFirestoreCombine-Community */ = {
			isa = XCSwiftPackageProductDependency;
			package = AE1A060E2764A00D0050E686 /* XCRemoteSwiftPackageReference "firebase-ios-sdk" */;
			productName = "FirebaseFirestoreCombine-Community";
		};
		AE1A06292764A00D0050E686 /* FirebaseFirestoreSwift-Beta */ = {
			isa = XCSwiftPackageProductDependency;
			package = AE1A060E2764A00D0050E686 /* XCRemoteSwiftPackageReference "firebase-ios-sdk" */;
			productName = "FirebaseFirestoreSwift-Beta";
		};
		AE1A062B2764A00D0050E686 /* FirebaseFunctions */ = {
			isa = XCSwiftPackageProductDependency;
			package = AE1A060E2764A00D0050E686 /* XCRemoteSwiftPackageReference "firebase-ios-sdk" */;
			productName = FirebaseFunctions;
		};
		AE1A062D2764A00D0050E686 /* FirebaseFunctionsCombine-Community */ = {
			isa = XCSwiftPackageProductDependency;
			package = AE1A060E2764A00D0050E686 /* XCRemoteSwiftPackageReference "firebase-ios-sdk" */;
			productName = "FirebaseFunctionsCombine-Community";
		};
		AE1A062F2764A00D0050E686 /* FirebaseInAppMessaging-Beta */ = {
			isa = XCSwiftPackageProductDependency;
			package = AE1A060E2764A00D0050E686 /* XCRemoteSwiftPackageReference "firebase-ios-sdk" */;
			productName = "FirebaseInAppMessaging-Beta";
		};
		AE1A06312764A00D0050E686 /* FirebaseInAppMessagingSwift-Beta */ = {
			isa = XCSwiftPackageProductDependency;
			package = AE1A060E2764A00D0050E686 /* XCRemoteSwiftPackageReference "firebase-ios-sdk" */;
			productName = "FirebaseInAppMessagingSwift-Beta";
		};
		AE1A06332764A00D0050E686 /* FirebaseInstallations */ = {
			isa = XCSwiftPackageProductDependency;
			package = AE1A060E2764A00D0050E686 /* XCRemoteSwiftPackageReference "firebase-ios-sdk" */;
			productName = FirebaseInstallations;
		};
		AE1A06352764A00D0050E686 /* FirebaseMLModelDownloader */ = {
			isa = XCSwiftPackageProductDependency;
			package = AE1A060E2764A00D0050E686 /* XCRemoteSwiftPackageReference "firebase-ios-sdk" */;
			productName = FirebaseMLModelDownloader;
		};
		AE1A06372764A00D0050E686 /* FirebaseMessaging */ = {
			isa = XCSwiftPackageProductDependency;
			package = AE1A060E2764A00D0050E686 /* XCRemoteSwiftPackageReference "firebase-ios-sdk" */;
			productName = FirebaseMessaging;
		};
		AE1A06392764A00D0050E686 /* FirebasePerformance */ = {
			isa = XCSwiftPackageProductDependency;
			package = AE1A060E2764A00D0050E686 /* XCRemoteSwiftPackageReference "firebase-ios-sdk" */;
			productName = FirebasePerformance;
		};
		AE1A063B2764A00D0050E686 /* FirebaseRemoteConfig */ = {
			isa = XCSwiftPackageProductDependency;
			package = AE1A060E2764A00D0050E686 /* XCRemoteSwiftPackageReference "firebase-ios-sdk" */;
			productName = FirebaseRemoteConfig;
		};
		AE1A063D2764A00D0050E686 /* FirebaseStorage */ = {
			isa = XCSwiftPackageProductDependency;
			package = AE1A060E2764A00D0050E686 /* XCRemoteSwiftPackageReference "firebase-ios-sdk" */;
			productName = FirebaseStorage;
		};
		AE1A063F2764A00D0050E686 /* FirebaseStorageCombine-Community */ = {
			isa = XCSwiftPackageProductDependency;
			package = AE1A060E2764A00D0050E686 /* XCRemoteSwiftPackageReference "firebase-ios-sdk" */;
			productName = "FirebaseStorageCombine-Community";
		};
		AE1A06412764A00D0050E686 /* FirebaseStorageSwift-Beta */ = {
			isa = XCSwiftPackageProductDependency;
			package = AE1A060E2764A00D0050E686 /* XCRemoteSwiftPackageReference "firebase-ios-sdk" */;
			productName = "FirebaseStorageSwift-Beta";
		};
/* End XCSwiftPackageProductDependency section */

/* Begin XCVersionGroup section */
		AEF2D0BC2760F29300F0FA2A /* todo.xcdatamodeld */ = {
			isa = XCVersionGroup;
			children = (
				AEF2D0BD2760F29300F0FA2A /* todo.xcdatamodel */,
			);
			currentVersion = AEF2D0BD2760F29300F0FA2A /* todo.xcdatamodel */;
			path = todo.xcdatamodeld;
			sourceTree = "<group>";
			versionGroupType = wrapper.xcdatamodel;
		};
/* End XCVersionGroup section */
	};
	rootObject = AEF2D0A82760F29300F0FA2A /* Project object */;
}
